// !$*UTF8*$!
{
	archiveVersion = 1;
	classes = {
	};
	objectVersion = 77;
	objects = {

/* Begin PBXBuildFile section */
		0BB705B93443457AD133C1C7 /* SettingsView.swift in Sources */ = {isa = PBXBuildFile; fileRef = D280BE5DC2012AE67F366F54 /* SettingsView.swift */; };
		2EA2F3D1FA5CFCCC13AC423A /* MenuBarView.swift in Sources */ = {isa = PBXBuildFile; fileRef = 3C6C0E714AAEF11D61BF5174 /* MenuBarView.swift */; };
		5149203B6B2A6BFD9E75DBF3 /* DerivedDataManager.swift in Sources */ = {isa = PBXBuildFile; fileRef = 6DBEF884E25AE39DD2D47B6D /* DerivedDataManager.swift */; };
		72B6F43EBCFC7544FEE43C26 /* Models.swift in Sources */ = {isa = PBXBuildFile; fileRef = 67532C8EE7304FFC3593FED6 /* Models.swift */; };
		8583F4DF86FF7CDF98A6390F /* BuildPulseApp.swift in Sources */ = {isa = PBXBuildFile; fileRef = 6C19BD0DD13E522B02254D14 /* BuildPulseApp.swift */; };
		ACEAAE3713DDA4AC5F85F123 /* BuildsTabView.swift in Sources */ = {isa = PBXBuildFile; fileRef = 79182A99420D3D92FE270E73 /* BuildsTabView.swift */; };
		CB1EA6BF38085E1E8E8EF9D8 /* BuildTracker.swift in Sources */ = {isa = PBXBuildFile; fileRef = AE9D066BC0227BB4B1461CAC /* BuildTracker.swift */; };
		D3EE40B59542E7CA4C6DB24A /* AppState.swift in Sources */ = {isa = PBXBuildFile; fileRef = 08484A8F223B87292C6808EC /* AppState.swift */; };
		E2A067A72223F3BB23CEF550 /* BuildHistoryStore.swift in Sources */ = {isa = PBXBuildFile; fileRef = 419B155A5F6B4AB5FC263A97 /* BuildHistoryStore.swift */; };
		E601094A81A9788E95497791 /* OverviewTabView.swift in Sources */ = {isa = PBXBuildFile; fileRef = 0BB49F500BA2172DF422862C /* OverviewTabView.swift */; };
		F9953C40249CF7D105ABD6E2 /* DerivedDataTabView.swift in Sources */ = {isa = PBXBuildFile; fileRef = 233EC148D2F8AA5BCA8370F3 /* DerivedDataTabView.swift */; };
/* End PBXBuildFile section */

/* Begin PBXFileReference section */
		08484A8F223B87292C6808EC /* AppState.swift */ = {isa = PBXFileReference; lastKnownFileType = sourcecode.swift; path = AppState.swift; sourceTree = "<group>"; };
		0BB49F500BA2172DF422862C /* OverviewTabView.swift */ = {isa = PBXFileReference; lastKnownFileType = sourcecode.swift; path = OverviewTabView.swift; sourceTree = "<group>"; };
		233EC148D2F8AA5BCA8370F3 /* DerivedDataTabView.swift */ = {isa = PBXFileReference; lastKnownFileType = sourcecode.swift; path = DerivedDataTabView.swift; sourceTree = "<group>"; };
		3C6C0E714AAEF11D61BF5174 /* MenuBarView.swift */ = {isa = PBXFileReference; lastKnownFileType = sourcecode.swift; path = MenuBarView.swift; sourceTree = "<group>"; };
		419B155A5F6B4AB5FC263A97 /* BuildHistoryStore.swift */ = {isa = PBXFileReference; lastKnownFileType = sourcecode.swift; path = BuildHistoryStore.swift; sourceTree = "<group>"; };
		66B0D8647DEB483399B80692 /* BuildPulse.app */ = {isa = PBXFileReference; explicitFileType = wrapper.application; includeInIndex = 0; path = BuildPulse.app; sourceTree = BUILT_PRODUCTS_DIR; };
		67532C8EE7304FFC3593FED6 /* Models.swift */ = {isa = PBXFileReference; lastKnownFileType = sourcecode.swift; path = Models.swift; sourceTree = "<group>"; };
		6C19BD0DD13E522B02254D14 /* BuildPulseApp.swift */ = {isa = PBXFileReference; lastKnownFileType = sourcecode.swift; path = BuildPulseApp.swift; sourceTree = "<group>"; };
		6DBEF884E25AE39DD2D47B6D /* DerivedDataManager.swift */ = {isa = PBXFileReference; lastKnownFileType = sourcecode.swift; path = DerivedDataManager.swift; sourceTree = "<group>"; };
		79182A99420D3D92FE270E73 /* BuildsTabView.swift */ = {isa = PBXFileReference; lastKnownFileType = sourcecode.swift; path = BuildsTabView.swift; sourceTree = "<group>"; };
		AE9D066BC0227BB4B1461CAC /* BuildTracker.swift */ = {isa = PBXFileReference; lastKnownFileType = sourcecode.swift; path = BuildTracker.swift; sourceTree = "<group>"; };
		D280BE5DC2012AE67F366F54 /* SettingsView.swift */ = {isa = PBXFileReference; lastKnownFileType = sourcecode.swift; path = SettingsView.swift; sourceTree = "<group>"; };
/* End PBXFileReference section */

/* Begin PBXGroup section */
		5BC70A3D812578B0BE1D1B18 /* Sources */ = {
			isa = PBXGroup;
			children = (
				B3DE46C44334D1881166458A /* App */,
				78ED3B9C224FD7D560DAAE82 /* Models */,
				957BC8665B2C69B75DE7FF3C /* Services */,
				E961118B27371D9FCF8E75BD /* Views */,
			);
			name = Sources;
			path = BuildPulse/Sources;
			sourceTree = "<group>";
		};
		78ED3B9C224FD7D560DAAE82 /* Models */ = {
			isa = PBXGroup;
			children = (
				08484A8F223B87292C6808EC /* AppState.swift */,
				67532C8EE7304FFC3593FED6 /* Models.swift */,
			);
			path = Models;
			sourceTree = "<group>";
		};
		87F858A78CBF00A425D60317 = {
			isa = PBXGroup;
			children = (
				5BC70A3D812578B0BE1D1B18 /* Sources */,
				A131286B704A692CDE87A0A2 /* Products */,
			);
			sourceTree = "<group>";
		};
		957BC8665B2C69B75DE7FF3C /* Services */ = {
			isa = PBXGroup;
			children = (
				419B155A5F6B4AB5FC263A97 /* BuildHistoryStore.swift */,
				AE9D066BC0227BB4B1461CAC /* BuildTracker.swift */,
				6DBEF884E25AE39DD2D47B6D /* DerivedDataManager.swift */,
			);
			path = Services;
			sourceTree = "<group>";
		};
		A131286B704A692CDE87A0A2 /* Products */ = {
			isa = PBXGroup;
			children = (
				66B0D8647DEB483399B80692 /* BuildPulse.app */,
			);
			name = Products;
			sourceTree = "<group>";
		};
		B3DE46C44334D1881166458A /* App */ = {
			isa = PBXGroup;
			children = (
				6C19BD0DD13E522B02254D14 /* BuildPulseApp.swift */,
			);
			path = App;
			sourceTree = "<group>";
		};
		E961118B27371D9FCF8E75BD /* Views */ = {
			isa = PBXGroup;
			children = (
				79182A99420D3D92FE270E73 /* BuildsTabView.swift */,
				233EC148D2F8AA5BCA8370F3 /* DerivedDataTabView.swift */,
				3C6C0E714AAEF11D61BF5174 /* MenuBarView.swift */,
				0BB49F500BA2172DF422862C /* OverviewTabView.swift */,
				D280BE5DC2012AE67F366F54 /* SettingsView.swift */,
			);
			path = Views;
			sourceTree = "<group>";
		};
/* End PBXGroup section */

/* Begin PBXNativeTarget section */
		E919393F588517726CB56514 /* BuildPulse */ = {
			isa = PBXNativeTarget;
			buildConfigurationList = 2ADC25A296A0A3FDF1AA3C52 /* Build configuration list for PBXNativeTarget "BuildPulse" */;
			buildPhases = (
				CD26A72124DF348B10D22831 /* Sources */,
			);
			buildRules = (
			);
			dependencies = (
			);
			name = BuildPulse;
			packageProductDependencies = (
			);
			productName = BuildPulse;
			productReference = 66B0D8647DEB483399B80692 /* BuildPulse.app */;
			productType = "com.apple.product-type.application";
		};
/* End PBXNativeTarget section */

/* Begin PBXProject section */
		7E4EA105A4017DC39681ED13 /* Project object */ = {
			isa = PBXProject;
			attributes = {
				BuildIndependentTargetsInParallel = YES;
				LastUpgradeCheck = 1600;
			};
			buildConfigurationList = 0B5DBB086585080BFFC43872 /* Build configuration list for PBXProject "BuildPulse" */;
			compatibilityVersion = "Xcode 14.0";
			developmentRegion = en;
			hasScannedForEncodings = 0;
			knownRegions = (
				Base,
				en,
			);
			mainGroup = 87F858A78CBF00A425D60317;
			minimizedProjectReferenceProxies = 1;
			preferredProjectObjectVersion = 77;
			projectDirPath = "";
			projectRoot = "";
			targets = (
				E919393F588517726CB56514 /* BuildPulse */,
			);
		};
/* End PBXProject section */

/* Begin PBXSourcesBuildPhase section */
		CD26A72124DF348B10D22831 /* Sources */ = {
			isa = PBXSourcesBuildPhase;
			buildActionMask = 2147483647;
			files = (
				D3EE40B59542E7CA4C6DB24A /* AppState.swift in Sources */,
				E2A067A72223F3BB23CEF550 /* BuildHistoryStore.swift in Sources */,
				8583F4DF86FF7CDF98A6390F /* BuildPulseApp.swift in Sources */,
				CB1EA6BF38085E1E8E8EF9D8 /* BuildTracker.swift in Sources */,
				ACEAAE3713DDA4AC5F85F123 /* BuildsTabView.swift in Sources */,
				5149203B6B2A6BFD9E75DBF3 /* DerivedDataManager.swift in Sources */,
				F9953C40249CF7D105ABD6E2 /* DerivedDataTabView.swift in Sources */,
				2EA2F3D1FA5CFCCC13AC423A /* MenuBarView.swift in Sources */,
				72B6F43EBCFC7544FEE43C26 /* Models.swift in Sources */,
				E601094A81A9788E95497791 /* OverviewTabView.swift in Sources */,
				0BB705B93443457AD133C1C7 /* SettingsView.swift in Sources */,
			);
			runOnlyForDeploymentPostprocessing = 0;
		};
/* End PBXSourcesBuildPhase section */

/* Begin XCBuildConfiguration section */
		651A592986874683F0EC1E88 /* Release */ = {
			isa = XCBuildConfiguration;
			buildSettings = {
				ASSETCATALOG_COMPILER_APPICON_NAME = AppIcon;
				CODE_SIGN_IDENTITY = "-";
				COMBINE_HIDPI_IMAGES = YES;
				ENABLE_HARDENED_RUNTIME = YES;
				INFOPLIST_FILE = BuildPulse/Resources/Info.plist;
				LD_RUNPATH_SEARCH_PATHS = "@executable_path/../Frameworks";
				LSUIElement = YES;
				PRODUCT_BUNDLE_IDENTIFIER = com.dimapulse.BuildPulse;
				PRODUCT_NAME = BuildPulse;
				SDKROOT = macosx;
				SWIFT_STRICT_CONCURRENCY = complete;
			};
			name = Release;
		};
		B8829D83E15530F32368C34F /* Debug */ = {
			isa = XCBuildConfiguration;
			buildSettings = {
				ASSETCATALOG_COMPILER_APPICON_NAME = AppIcon;
				CODE_SIGN_IDENTITY = "-";
				COMBINE_HIDPI_IMAGES = YES;
				ENABLE_HARDENED_RUNTIME = YES;
				INFOPLIST_FILE = BuildPulse/Resources/Info.plist;
				LD_RUNPATH_SEARCH_PATHS = "@executable_path/../Frameworks";
				LSUIElement = YES;
				PRODUCT_BUNDLE_IDENTIFIER = com.dimapulse.BuildPulse;
				PRODUCT_NAME = BuildPulse;
				SDKROOT = macosx;
				SWIFT_STRICT_CONCURRENCY = complete;
			};
			name = Debug;
		};
		DED73E38802BDE902279A198 /* Release */ = {
			isa = XCBuildConfiguration;
			buildSettings = {
				ALWAYS_SEARCH_USER_PATHS = NO;
				CLANG_ANALYZER_NONNULL = YES;
				CLANG_ANALYZER_NUMBER_OBJECT_CONVERSION = YES_AGGRESSIVE;
				CLANG_CXX_LANGUAGE_STANDARD = "gnu++14";
				CLANG_CXX_LIBRARY = "libc++";
				CLANG_ENABLE_MODULES = YES;
				CLANG_ENABLE_OBJC_ARC = YES;
				CLANG_ENABLE_OBJC_WEAK = YES;
				CLANG_WARN_BLOCK_CAPTURE_AUTORELEASING = YES;
				CLANG_WARN_BOOL_CONVERSION = YES;
				CLANG_WARN_COMMA = YES;
				CLANG_WARN_CONSTANT_CONVERSION = YES;
				CLANG_WARN_DEPRECATED_OBJC_IMPLEMENTATIONS = YES;
				CLANG_WARN_DIRECT_OBJC_ISA_USAGE = YES_ERROR;
				CLANG_WARN_DOCUMENTATION_COMMENTS = YES;
				CLANG_WARN_EMPTY_BODY = YES;
				CLANG_WARN_ENUM_CONVERSION = YES;
				CLANG_WARN_INFINITE_RECURSION = YES;
				CLANG_WARN_INT_CONVERSION = YES;
				CLANG_WARN_NON_LITERAL_NULL_CONVERSION = YES;
				CLANG_WARN_OBJC_IMPLICIT_RETAIN_SELF = YES;
				CLANG_WARN_OBJC_LITERAL_CONVERSION = YES;
				CLANG_WARN_OBJC_ROOT_CLASS = YES_ERROR;
				CLANG_WARN_QUOTED_INCLUDE_IN_FRAMEWORK_HEADER = YES;
				CLANG_WARN_RANGE_LOOP_ANALYSIS = YES;
				CLANG_WARN_STRICT_PROTOTYPES = YES;
				CLANG_WARN_SUSPICIOUS_MOVE = YES;
				CLANG_WARN_UNGUARDED_AVAILABILITY = YES_AGGRESSIVE;
				CLANG_WARN_UNREACHABLE_CODE = YES;
				CLANG_WARN__DUPLICATE_METHOD_MATCH = YES;
				COPY_PHASE_STRIP = NO;
				DEBUG_INFORMATION_FORMAT = "dwarf-with-dsym";
				ENABLE_NS_ASSERTIONS = NO;
				ENABLE_STRICT_OBJC_MSGSEND = YES;
				GCC_C_LANGUAGE_STANDARD = gnu11;
				GCC_NO_COMMON_BLOCKS = YES;
				GCC_WARN_64_TO_32_BIT_CONVERSION = YES;
				GCC_WARN_ABOUT_RETURN_TYPE = YES_ERROR;
				GCC_WARN_UNDECLARED_SELECTOR = YES;
				GCC_WARN_UNINITIALIZED_AUTOS = YES_AGGRESSIVE;
				GCC_WARN_UNUSED_FUNCTION = YES;
				GCC_WARN_UNUSED_VARIABLE = YES;
				MACOSX_DEPLOYMENT_TARGET = 14.0;
				MTL_ENABLE_DEBUG_INFO = NO;
				MTL_FAST_MATH = YES;
				PRODUCT_NAME = "$(TARGET_NAME)";
				SDKROOT = macosx;
				SWIFT_COMPILATION_MODE = wholemodule;
				SWIFT_OPTIMIZATION_LEVEL = "-O";
				SWIFT_VERSION = 6.0;
			};
			name = Release;
		};
		F5DE27339E86A0DDC6F37262 /* Debug */ = {
			isa = XCBuildConfiguration;
			buildSettings = {
				ALWAYS_SEARCH_USER_PATHS = NO;
				CLANG_ANALYZER_NONNULL = YES;
				CLANG_ANALYZER_NUMBER_OBJECT_CONVERSION = YES_AGGRESSIVE;
				CLANG_CXX_LANGUAGE_STANDARD = "gnu++14";
				CLANG_CXX_LIBRARY = "libc++";
				CLANG_ENABLE_MODULES = YES;
				CLANG_ENABLE_OBJC_ARC = YES;
				CLANG_ENABLE_OBJC_WEAK = YES;
				CLANG_WARN_BLOCK_CAPTURE_AUTORELEASING = YES;
				CLANG_WARN_BOOL_CONVERSION = YES;
				CLANG_WARN_COMMA = YES;
				CLANG_WARN_CONSTANT_CONVERSION = YES;
				CLANG_WARN_DEPRECATED_OBJC_IMPLEMENTATIONS = YES;
				CLANG_WARN_DIRECT_OBJC_ISA_USAGE = YES_ERROR;
				CLANG_WARN_DOCUMENTATION_COMMENTS = YES;
				CLANG_WARN_EMPTY_BODY = YES;
				CLANG_WARN_ENUM_CONVERSION = YES;
				CLANG_WARN_INFINITE_RECURSION = YES;
				CLANG_WARN_INT_CONVERSION = YES;
				CLANG_WARN_NON_LITERAL_NULL_CONVERSION = YES;
				CLANG_WARN_OBJC_IMPLICIT_RETAIN_SELF = YES;
				CLANG_WARN_OBJC_LITERAL_CONVERSION = YES;
				CLANG_WARN_OBJC_ROOT_CLASS = YES_ERROR;
				CLANG_WARN_QUOTED_INCLUDE_IN_FRAMEWORK_HEADER = YES;
				CLANG_WARN_RANGE_LOOP_ANALYSIS = YES;
				CLANG_WARN_STRICT_PROTOTYPES = YES;
				CLANG_WARN_SUSPICIOUS_MOVE = YES;
				CLANG_WARN_UNGUARDED_AVAILABILITY = YES_AGGRESSIVE;
				CLANG_WARN_UNREACHABLE_CODE = YES;
				CLANG_WARN__DUPLICATE_METHOD_MATCH = YES;
				COPY_PHASE_STRIP = NO;
				DEBUG_INFORMATION_FORMAT = dwarf;
				ENABLE_STRICT_OBJC_MSGSEND = YES;
				ENABLE_TESTABILITY = YES;
				GCC_C_LANGUAGE_STANDARD = gnu11;
				GCC_DYNAMIC_NO_PIC = NO;
				GCC_NO_COMMON_BLOCKS = YES;
				GCC_OPTIMIZATION_LEVEL = 0;
				GCC_PREPROCESSOR_DEFINITIONS = (
					"$(inherited)",
					"DEBUG=1",
				);
				GCC_WARN_64_TO_32_BIT_CONVERSION = YES;
				GCC_WARN_ABOUT_RETURN_TYPE = YES_ERROR;
				GCC_WARN_UNDECLARED_SELECTOR = YES;
				GCC_WARN_UNINITIALIZED_AUTOS = YES_AGGRESSIVE;
				GCC_WARN_UNUSED_FUNCTION = YES;
				GCC_WARN_UNUSED_VARIABLE = YES;
				MACOSX_DEPLOYMENT_TARGET = 14.0;
				MTL_ENABLE_DEBUG_INFO = INCLUDE_SOURCE;
				MTL_FAST_MATH = YES;
				ONLY_ACTIVE_ARCH = YES;
				PRODUCT_NAME = "$(TARGET_NAME)";
				SDKROOT = macosx;
				SWIFT_ACTIVE_COMPILATION_CONDITIONS = DEBUG;
				SWIFT_OPTIMIZATION_LEVEL = "-Onone";
				SWIFT_VERSION = 6.0;
			};
			name = Debug;
		};
/* End XCBuildConfiguration section */

/* Begin XCConfigurationList section */
		0B5DBB086585080BFFC43872 /* Build configuration list for PBXProject "BuildPulse" */ = {
			isa = XCConfigurationList;
			buildConfigurations = (
				F5DE27339E86A0DDC6F37262 /* Debug */,
				DED73E38802BDE902279A198 /* Release */,
			);
			defaultConfigurationIsVisible = 0;
			defaultConfigurationName = Debug;
		};
		2ADC25A296A0A3FDF1AA3C52 /* Build configuration list for PBXNativeTarget "BuildPulse" */ = {
			isa = XCConfigurationList;
			buildConfigurations = (
				B8829D83E15530F32368C34F /* Debug */,
				651A592986874683F0EC1E88 /* Release */,
			);
			defaultConfigurationIsVisible = 0;
			defaultConfigurationName = Debug;
		};
/* End XCConfigurationList section */
	};
	rootObject = 7E4EA105A4017DC39681ED13 /* Project object */;
}
